// !$*UTF8*$!
{
	archiveVersion = 1;
	classes = {
	};
	objectVersion = 39;
	objects = {
		02345980000FD03B11CA0E72 = {
			children = (
				1870340FFE93FCAF11CA0CD7,
			);
			isa = PBXVariantGroup;
			name = main.nib;
			refType = 4;
			sourceTree = "<group>";
		};
//020
//021
//022
//023
//024
//080
//081
//082
//083
//084
		0867D6AAFE840B52C02AAC07 = {
			children = (
				0867D6ABFE840B52C02AAC07,
			);
			isa = PBXVariantGroup;
			name = InfoPlist.strings;
			refType = 4;
			sourceTree = "<group>";
		};
		0867D6ABFE840B52C02AAC07 = {
			fileEncoding = 10;
			isa = PBXFileReference;
			lastKnownFileType = text.plist.strings;
			name = English;
			path = English.lproj/InfoPlist.strings;
			refType = 4;
			sourceTree = "<group>";
		};
//080
//081
//082
//083
//084
//180
//181
//182
//183
//184
		1870340FFE93FCAF11CA0CD7 = {
			isa = PBXFileReference;
			lastKnownFileType = wrapper.nib;
			name = English;
			path = English.lproj/main.nib;
			refType = 4;
			sourceTree = "<group>";
		};
//180
//181
//182
//183
//184
//190
//191
//192
//193
//194
		195DF8CFFE9D517E11CA2CBB = {
			children = (
				4F94EDF307B308B300AE9F13,
			);
			isa = PBXGroup;
			name = Products;
			refType = 4;
			sourceTree = "<group>";
		};
//190
//191
//192
//193
//194
//200
//201
//202
//203
//204
		20286C28FDCF999611CA2CEA = {
			buildSettings = {
			};
			buildStyles = (
				4A9504C5FFE6A39111CA0CBA,
				4A9504C6FFE6A39111CA0CBA,
			);
			hasScannedForEncodings = 1;
			isa = PBXProject;
			mainGroup = 20286C29FDCF999611CA2CEA;
			projectDirPath = "";
			targets = (
				4F94EDDA07B308B300AE9F13,
			);
		};
		20286C29FDCF999611CA2CEA = {
			children = (
				60338D3D034E58DB0BCA0CB8,
				20286C2AFDCF999611CA2CEA,
				20286C2CFDCF999611CA2CEA,
				20286C32FDCF999611CA2CEA,
				195DF8CFFE9D517E11CA2CBB,
				60DED36203019FE90BCA0CB8,
				4F94EDF207B308B300AE9F13,
			);
			isa = PBXGroup;
			name = ClockView;
			path = "";
			refType = 4;
			sourceTree = "<group>";
		};
		20286C2AFDCF999611CA2CEA = {
			children = (
				608F71A302F7582E0BCA0CB8,
				60C1F5CD02F889010BCA0CB8,
				60C1F5CE02F889010BCA0CB8,
			);
			isa = PBXGroup;
			name = Sources;
			path = "";
			refType = 4;
			sourceTree = "<group>";
		};
		20286C2CFDCF999611CA2CEA = {
			children = (
				0867D6AAFE840B52C02AAC07,
				02345980000FD03B11CA0E72,
			);
			isa = PBXGroup;
			name = Resources;
			path = "";
			refType = 4;
			sourceTree = "<group>";
		};
		20286C32FDCF999611CA2CEA = {
			children = (
				20286C33FDCF999611CA2CEA,
				4A9504CAFFE6A41611CA0CBA,
				4A9504C8FFE6A3BC11CA0CBA,
			);
			isa = PBXGroup;
			name = "External Frameworks and Libraries";
			path = "";
			refType = 4;
			sourceTree = "<group>";
		};
		20286C33FDCF999611CA2CEA = {
			isa = PBXFileReference;
			lastKnownFileType = wrapper.framework;
			name = Carbon.framework;
			path = /System/Library/Frameworks/Carbon.framework;
			refType = 0;
			sourceTree = "<absolute>";
		};
//200
//201
//202
//203
//204
//330
//331
//332
//333
//334
		3324793B0690E04800AAEC61 = {
			fileEncoding = 30;
			isa = PBXFileReference;
			lastKnownFileType = sourcecode.c.h;
			name = HIFramework.h;
			path = ../HIFramework/HIFramework.h;
			refType = 2;
			sourceTree = SOURCE_ROOT;
		};
		3324793C0690E04800AAEC61 = {
			fileEncoding = 30;
			isa = PBXFileReference;
			lastKnownFileType = sourcecode.cpp.cpp;
			name = TEventHandler.cp;
			path = ../HIFramework/TEventHandler.cp;
			refType = 2;
			sourceTree = SOURCE_ROOT;
		};
		3324793D0690E04800AAEC61 = {
			fileEncoding = 30;
			isa = PBXFileReference;
			lastKnownFileType = sourcecode.c.h;
			name = TEventHandler.h;
			path = ../HIFramework/TEventHandler.h;
			refType = 2;
			sourceTree = SOURCE_ROOT;
		};
//330
//331
//332
//333
//334
//4A0
//4A1
//4A2
//4A3
//4A4
		4A9504C5FFE6A39111CA0CBA = {
			buildSettings = {
				COPY_PHASE_STRIP = NO;
				GCC_DYNAMIC_NO_PIC = NO;
				GCC_ENABLE_FIX_AND_CONTINUE = YES;
				GCC_GENERATE_DEBUGGING_SYMBOLS = YES;
				GCC_OPTIMIZATION_LEVEL = 0;
				OPTIMIZATION_CFLAGS = "-O0";
				OTHER_CFLAGS = "-DDEBUG";
				ZERO_LINK = YES;
			};
			isa = PBXBuildStyle;
			name = Development;
		};
		4A9504C6FFE6A39111CA0CBA = {
			buildSettings = {
				COPY_PHASE_STRIP = YES;
				GCC_ENABLE_FIX_AND_CONTINUE = NO;
				ZERO_LINK = NO;
			};
			isa = PBXBuildStyle;
			name = Deployment;
		};
		4A9504C8FFE6A3BC11CA0CBA = {
			isa = PBXFileReference;
			lastKnownFileType = wrapper.framework;
			name = ApplicationServices.framework;
			path = /System/Library/Frameworks/ApplicationServices.framework;
			refType = 0;
			sourceTree = "<absolute>";
		};
		4A9504CAFFE6A41611CA0CBA = {
			isa = PBXFileReference;
			lastKnownFileType = wrapper.framework;
			name = CoreServices.framework;
			path = /System/Library/Frameworks/CoreServices.framework;
			refType = 0;
			sourceTree = "<absolute>";
		};
//4A0
//4A1
//4A2
//4A3
//4A4
//4F0
//4F1
//4F2
//4F3
//4F4
		4F94EDDA07B308B300AE9F13 = {
			buildPhases = (
				4F94EDDB07B308B300AE9F13,
				4F94EDE307B308B300AE9F13,
				4F94EDE707B308B300AE9F13,
				4F94EDEF07B308B300AE9F13,
				4F94EDF107B308B300AE9F13,
			);
			buildRules = (
			);
			buildSettings = {
				FRAMEWORK_SEARCH_PATHS = "";
				HEADER_SEARCH_PATHS = "";
				INFOPLIST_FILE = "Info-ClockView.plist";
				INSTALL_PATH = "$(LOCAL_DEVELOPER_DIR)/Demos";
				LIBRARY_SEARCH_PATHS = "";
				OTHER_CFLAGS = "";
				OTHER_LDFLAGS = "";
				OTHER_REZFLAGS = "";
				PRODUCT_NAME = ClockView;
				SECTORDER_FLAGS = "";
				WARNING_CFLAGS = "-Wmost -Wno-four-char-constants -Wno-unknown-pragmas";
				WRAPPER_EXTENSION = app;
			};
			dependencies = (
			);
			isa = PBXNativeTarget;
			name = ClockView;
			productInstallPath = "$(LOCAL_DEVELOPER_DIR)/Demos";
			productName = ClockView;
			productReference = 4F94EDF307B308B300AE9F13;
			productType = "com.apple.product-type.application";
		};
		4F94EDDB07B308B300AE9F13 = {
			buildActionMask = 2147483647;
			files = (
				4F94EDDC07B308B300AE9F13,
				4F94EDDD07B308B300AE9F13,
				4F94EDDE07B308B300AE9F13,
				4F94EDDF07B308B300AE9F13,
				4F94EDE007B308B300AE9F13,
				4F94EDE107B308B300AE9F13,
				4F94EDE207B308B300AE9F13,
			);
			isa = PBXHeadersBuildPhase;
			runOnlyForDeploymentPostprocessing = 0;
		};
		4F94EDDC07B308B300AE9F13 = {
			fileRef = 60C1F5CE02F889010BCA0CB8;
			isa = PBXBuildFile;
			settings = {
			};
		};
		4F94EDDD07B308B300AE9F13 = {
			fileRef = 60B8C05202F9EF390BCA0CB8;
			isa = PBXBuildFile;
			settings = {
			};
		};
		4F94EDDE07B308B300AE9F13 = {
			fileRef = 60B8C05402F9EF390BCA0CB8;
			isa = PBXBuildFile;
			settings = {
			};
		};
		4F94EDDF07B308B300AE9F13 = {
			fileRef = 6022E113030631B60B6E4D1F;
			isa = PBXBuildFile;
			settings = {
			};
		};
		4F94EDE007B308B300AE9F13 = {
			fileRef = 6029BE8C03F9CDBE0BFF4F4D;
			isa = PBXBuildFile;
			settings = {
			};
		};
		4F94EDE107B308B300AE9F13 = {
			fileRef = 3324793B0690E04800AAEC61;
			isa = PBXBuildFile;
			settings = {
			};
		};
		4F94EDE207B308B300AE9F13 = {
			fileRef = 3324793D0690E04800AAEC61;
			isa = PBXBuildFile;
			settings = {
			};
		};
		4F94EDE307B308B300AE9F13 = {
			buildActionMask = 2147483647;
			files = (
				4F94EDE407B308B300AE9F13,
				4F94EDE507B308B300AE9F13,
				4F94EDE607B308B300AE9F13,
			);
			isa = PBXResourcesBuildPhase;
			runOnlyForDeploymentPostprocessing = 0;
		};
		4F94EDE407B308B300AE9F13 = {
			fileRef = 0867D6AAFE840B52C02AAC07;
			isa = PBXBuildFile;
			settings = {
			};
		};
		4F94EDE507B308B300AE9F13 = {
			fileRef = 02345980000FD03B11CA0E72;
			isa = PBXBuildFile;
			settings = {
			};
		};
		4F94EDE607B308B300AE9F13 = {
			fileRef = 60338D3D034E58DB0BCA0CB8;
			isa = PBXBuildFile;
			settings = {
			};
		};
		4F94EDE707B308B300AE9F13 = {
			buildActionMask = 2147483647;
			files = (
				4F94EDE807B308B300AE9F13,
				4F94EDE907B308B300AE9F13,
				4F94EDEA07B308B300AE9F13,
				4F94EDEB07B308B300AE9F13,
				4F94EDEC07B308B300AE9F13,
				4F94EDED07B308B300AE9F13,
				4F94EDEE07B308B300AE9F13,
			);
			isa = PBXSourcesBuildPhase;
			runOnlyForDeploymentPostprocessing = 0;
		};
		4F94EDE807B308B300AE9F13 = {
			fileRef = 608F71A302F7582E0BCA0CB8;
			isa = PBXBuildFile;
			settings = {
			};
		};
		4F94EDE907B308B300AE9F13 = {
			fileRef = 60C1F5CD02F889010BCA0CB8;
			isa = PBXBuildFile;
			settings = {
			};
		};
		4F94EDEA07B308B300AE9F13 = {
			fileRef = 60B8C05102F9EF390BCA0CB8;
			isa = PBXBuildFile;
			settings = {
			};
		};
		4F94EDEB07B308B300AE9F13 = {
			fileRef = 60B8C05302F9EF390BCA0CB8;
			isa = PBXBuildFile;
			settings = {
			};
		};
		4F94EDEC07B308B300AE9F13 = {
			fileRef = 6022E112030631B60B6E4D1F;
			isa = PBXBuildFile;
			settings = {
			};
		};
		4F94EDED07B308B300AE9F13 = {
			fileRef = 6029BE8B03F9CDBE0BFF4F4D;
			isa = PBXBuildFile;
			settings = {
			};
		};
		4F94EDEE07B308B300AE9F13 = {
			fileRef = 3324793C0690E04800AAEC61;
			isa = PBXBuildFile;
			settings = {
			};
		};
		4F94EDEF07B308B300AE9F13 = {
			buildActionMask = 2147483647;
			files = (
				4F94EDF007B308B300AE9F13,
			);
			isa = PBXFrameworksBuildPhase;
			runOnlyForDeploymentPostprocessing = 0;
		};
		4F94EDF007B308B300AE9F13 = {
			fileRef = 20286C33FDCF999611CA2CEA;
			isa = PBXBuildFile;
			settings = {
			};
		};
		4F94EDF107B308B300AE9F13 = {
			buildActionMask = 2147483647;
			files = (
			);
			isa = PBXRezBuildPhase;
			runOnlyForDeploymentPostprocessing = 0;
		};
		4F94EDF207B308B300AE9F13 = {
			isa = PBXFileReference;
			lastKnownFileType = text.xml;
			path = "Info-ClockView.plist";
			refType = 4;
			sourceTree = "<group>";
		};
		4F94EDF307B308B300AE9F13 = {
			explicitFileType = wrapper.application;
			includeInIndex = 0;
			isa = PBXFileReference;
			path = ClockView.app;
			refType = 3;
			sourceTree = BUILT_PRODUCTS_DIR;
		};
//4F0
//4F1
//4F2
//4F3
//4F4
//600
//601
//602
//603
//604
		6022E112030631B60B6E4D1F = {
			fileEncoding = 30;
			isa = PBXFileReference;
			lastKnownFileType = sourcecode.cpp.cpp;
			name = TRect.cp;
			path = ../HIFramework/TRect.cp;
			refType = 2;
			sourceTree = SOURCE_ROOT;
		};
		6022E113030631B60B6E4D1F = {
			fileEncoding = 30;
			isa = PBXFileReference;
			lastKnownFileType = sourcecode.c.h;
			name = TRect.h;
			path = ../HIFramework/TRect.h;
			refType = 2;
			sourceTree = SOURCE_ROOT;
		};
		6029BE8B03F9CDBE0BFF4F4D = {
			fileEncoding = 30;
			isa = PBXFileReference;
			lastKnownFileType = sourcecode.cpp.cpp;
			name = TObject.cp;
			path = ../HIFramework/TObject.cp;
			refType = 2;
			sourceTree = SOURCE_ROOT;
		};
		6029BE8C03F9CDBE0BFF4F4D = {
			fileEncoding = 30;
			isa = PBXFileReference;
			lastKnownFileType = sourcecode.c.h;
			name = TObject.h;
			path = ../HIFramework/TObject.h;
			refType = 2;
			sourceTree = SOURCE_ROOT;
		};
		60338D3D034E58DB0BCA0CB8 = {
			isa = PBXFileReference;
			lastKnownFileType = text.rtf;
			path = README.rtf;
			refType = 4;
			sourceTree = "<group>";
		};
		608F71A302F7582E0BCA0CB8 = {
			fileEncoding = 30;
			isa = PBXFileReference;
			lastKnownFileType = sourcecode.cpp.cpp;
			path = main.cp;
			refType = 4;
			sourceTree = "<group>";
		};
		60B8C05102F9EF390BCA0CB8 = {
			fileEncoding = 30;
			isa = PBXFileReference;
			lastKnownFileType = sourcecode.cpp.cpp;
			name = TCarbonEvent.cp;
			path = ../HIFramework/TCarbonEvent.cp;
			refType = 2;
			sourceTree = SOURCE_ROOT;
		};
		60B8C05202F9EF390BCA0CB8 = {
			fileEncoding = 30;
			isa = PBXFileReference;
			lastKnownFileType = sourcecode.c.h;
			name = TCarbonEvent.h;
			path = ../HIFramework/TCarbonEvent.h;
			refType = 2;
			sourceTree = SOURCE_ROOT;
		};
		60B8C05302F9EF390BCA0CB8 = {
			fileEncoding = 30;
			isa = PBXFileReference;
			lastKnownFileType = sourcecode.cpp.cpp;
			name = TView.cp;
			path = ../HIFramework/TView.cp;
			refType = 2;
			sourceTree = SOURCE_ROOT;
		};
		60B8C05402F9EF390BCA0CB8 = {
			fileEncoding = 30;
			isa = PBXFileReference;
			lastKnownFileType = sourcecode.c.h;
			name = TView.h;
			path = ../HIFramework/TView.h;
			refType = 2;
			sourceTree = SOURCE_ROOT;
		};
		60C1F5CD02F889010BCA0CB8 = {
			fileEncoding = 30;
			isa = PBXFileReference;
			lastKnownFileType = sourcecode.cpp.cpp;
			path = TClockView.cp;
			refType = 2;
			sourceTree = SOURCE_ROOT;
		};
		60C1F5CE02F889010BCA0CB8 = {
			fileEncoding = 30;
			isa = PBXFileReference;
			lastKnownFileType = sourcecode.c.h;
			path = TClockView.h;
			refType = 2;
			sourceTree = SOURCE_ROOT;
		};
		60DED36203019FE90BCA0CB8 = {
			children = (
				3324793B0690E04800AAEC61,
				60B8C05102F9EF390BCA0CB8,
				60B8C05202F9EF390BCA0CB8,
				3324793C0690E04800AAEC61,
				3324793D0690E04800AAEC61,
				6029BE8B03F9CDBE0BFF4F4D,
				6029BE8C03F9CDBE0BFF4F4D,
				6022E112030631B60B6E4D1F,
				6022E113030631B60B6E4D1F,
				60B8C05302F9EF390BCA0CB8,
				60B8C05402F9EF390BCA0CB8,
			);
			isa = PBXGroup;
			name = HIFramework;
			refType = 4;
			sourceTree = "<group>";
		};
	};
	rootObject = 20286C28FDCF999611CA2CEA;
}
